
Microsoft Visual Studio Solution File, Format Version 12.00
# Visual Studio Version 16
VisualStudioVersion = 16.0.30907.101
MinimumVisualStudioVersion = 10.0.40219.1
Project("{FAE04EC0-301F-11D3-BF4B-00C04F79EFBC}") = "EntropyAnalyzer", "EntropyAnalyzer\EntropyAnalyzer.csproj", "{7ACFEA26-32F7-4F5C-8D49-5E3207CABDD3}"
EndProject
Global
	GlobalSection(SolutionConfigurationPlatforms) = preSolution
		Debug|Any CPU = Debug|Any CPU
		Release|Any CPU = Release|Any CPU
	EndGlobalSection
	GlobalSection(ProjectConfigurationPlatforms) = postSolution
		{7ACFEA26-32F7-4F5C-8D49-5E3207CABDD3}.Debug|Any CPU.ActiveCfg = Debug|Any CPU
		{7ACFEA26-32F7-4F5C-8D49-5E3207CABDD3}.Debug|Any CPU.Build.0 = Debug|Any CPU
		{7ACFEA26-32F7-4F5C-8D49-5E3207CABDD3}.Release|Any CPU.ActiveCfg = Release|Any CPU
		{7ACFEA26-32F7-4F5C-8D49-5E3207CABDD3}.Release|Any CPU.Build.0 = Release|Any CPU
	EndGlobalSection
	GlobalSection(SolutionProperties) = preSolution
		HideSolutionNode = FALSE
	EndGlobalSection
	GlobalSection(ExtensibilityGlobals) = postSolution
		SolutionGuid = {F4DE60D3-A084-49C9-9B67-7105D927DD67}
	EndGlobalSection
EndGlobal
